
Microsoft Visual Studio Solution File, Format Version 12.00
# Visual Studio Version 17
VisualStudioVersion = 17.8.34112.27
MinimumVisualStudioVersion = 10.0.40219.1
Project("{8BC9CEB8-8B4A-11D0-8D11-00A0C91BC942}") = "C++K", "C++K\C++K.vcxproj", "{59AEF40D-37F3-4E09-9A57-DFCC22BDD55B}"
EndProject
Global
	GlobalSection(SolutionConfigurationPlatforms) = preSolution
		Debug|x64 = Debug|x64
		Debug|x86 = Debug|x86
		Release|x64 = Release|x64
		Release|x86 = Release|x86
	EndGlobalSection
	GlobalSection(ProjectConfigurationPlatforms) = postSolution
		{59AEF40D-37F3-4E09-9A57-DFCC22BDD55B}.Debug|x64.ActiveCfg = Debug|x64
		{59AEF40D-37F3-4E09-9A57-DFCC22BDD55B}.Debug|x64.Build.0 = Debug|x64
		{59AEF40D-37F3-4E09-9A57-DFCC22BDD55B}.Debug|x86.ActiveCfg = Debug|Win32
		{59AEF40D-37F3-4E09-9A57-DFCC22BDD55B}.Debug|x86.Build.0 = Debug|Win32
		{59AEF40D-37F3-4E09-9A57-DFCC22BDD55B}.Release|x64.ActiveCfg = Release|x64
		{59AEF40D-37F3-4E09-9A57-DFCC22BDD55B}.Release|x64.Build.0 = Release|x64
		{59AEF40D-37F3-4E09-9A57-DFCC22BDD55B}.Release|x86.ActiveCfg = Release|Win32
		{59AEF40D-37F3-4E09-9A57-DFCC22BDD55B}.Release|x86.Build.0 = Release|Win32
	EndGlobalSection
	GlobalSection(SolutionProperties) = preSolution
		HideSolutionNode = FALSE
	EndGlobalSection
	GlobalSection(ExtensibilityGlobals) = postSolution
		SolutionGuid = {A262C9F3-A852-40E7-BB2E-4587122111F2}
	EndGlobalSection
EndGlobal
